
Microsoft Visual Studio Solution File, Format Version 12.00
# Visual Studio Version 17
VisualStudioVersion = 17.8.34316.72
MinimumVisualStudioVersion = 10.0.40219.1
Project("{FAE04EC0-301F-11D3-BF4B-00C04F79EFBC}") = "LinkedIn Integration", "LinkedIn Integration\LinkedIn Integration.csproj", "{F6130AEC-68E7-45C1-AE5D-8E4BB586C516}"
EndProject
Global
	GlobalSection(SolutionConfigurationPlatforms) = preSolution
		Debug|Any CPU = Debug|Any CPU
		Release|Any CPU = Release|Any CPU
	EndGlobalSection
	GlobalSection(ProjectConfigurationPlatforms) = postSolution
		{F6130AEC-68E7-45C1-AE5D-8E4BB586C516}.Debug|Any CPU.ActiveCfg = Debug|Any CPU
		{F6130AEC-68E7-45C1-AE5D-8E4BB586C516}.Debug|Any CPU.Build.0 = Debug|Any CPU
		{F6130AEC-68E7-45C1-AE5D-8E4BB586C516}.Release|Any CPU.ActiveCfg = Release|Any CPU
		{F6130AEC-68E7-45C1-AE5D-8E4BB586C516}.Release|Any CPU.Build.0 = Release|Any CPU
	EndGlobalSection
	GlobalSection(SolutionProperties) = preSolution
		HideSolutionNode = FALSE
	EndGlobalSection
	GlobalSection(ExtensibilityGlobals) = postSolution
		SolutionGuid = {9F3AF7C7-5CF6-45C3-A35A-597DAEDECEA3}
	EndGlobalSection
EndGlobal
